name: Refresh dependency lock

on:
  push:
    branches: [main]
    paths:
      - package.json
      - .github/workflows/refresh-lock.yml
  workflow_dispatch:

permissions:
  contents: read

jobs:
  lock:
    runs-on: ubuntu-latest
    timeout-minutes: 10
    steps:
      - uses: actions/checkout@v4
      - uses: actions/setup-node@v4
        with:
          node-version: "22.12.0"
          cache: npm
      - name: Refresh package lock
        run: npm install --package-lock-only --ignore-scripts
      - name: Audit refreshed graph
        run: npm audit --audit-level=high
      - name: Upload package lock
        uses: actions/upload-artifact@v4
        with:
          name: refreshed-package-lock
          path: package-lock.json
          if-no-files-found: error
